// !$*UTF8*$!
{
	archiveVersion = 1;
	classes = {
	};
	objectVersion = 46;
	objects = {

/* Begin PBXBuildFile section */
		DFC1B3A81D40F07C002A099B /* AppDelegate.swift in Sources */ = {isa = PBXBuildFile; fileRef = DFC1B3A71D40F07C002A099B /* AppDelegate.swift */; };
		DFC1B3AA1D40F07C002A099B /* ViewController.swift in Sources */ = {isa = PBXBuildFile; fileRef = DFC1B3A91D40F07C002A099B /* ViewController.swift */; };
		DFC1B3AD1D40F07C002A099B /* Main.storyboard in Resources */ = {isa = PBXBuildFile; fileRef = DFC1B3AB1D40F07C002A099B /* Main.storyboard */; };
		DFC1B3AF1D40F07C002A099B /* Assets.xcassets in Resources */ = {isa = PBXBuildFile; fileRef = DFC1B3AE1D40F07C002A099B /* Assets.xcassets */; };
		DFC1B3B21D40F07C002A099B /* LaunchScreen.storyboard in Resources */ = {isa = PBXBuildFile; fileRef = DFC1B3B01D40F07C002A099B /* LaunchScreen.storyboard */; };
		DFC1B3BA1D40F1E3002A099B /* ITunesTableViewCell.swift in Sources */ = {isa = PBXBuildFile; fileRef = DFC1B3B91D40F1E3002A099B /* ITunesTableViewCell.swift */; };
		DFC1B3BC1D40F2CC002A099B /* ITunesItem.swift in Sources */ = {isa = PBXBuildFile; fileRef = DFC1B3BB1D40F2CC002A099B /* ITunesItem.swift */; };
/* End PBXBuildFile section */

/* Begin PBXFileReference section */
		DFC1B3A41D40F07C002A099B /* TableViewDemo.app */ = {isa = PBXFileReference; explicitFileType = wrapper.application; includeInIndex = 0; path = TableViewDemo.app; sourceTree = BUILT_PRODUCTS_DIR; };
		DFC1B3A71D40F07C002A099B /* AppDelegate.swift */ = {isa = PBXFileReference; lastKnownFileType = sourcecode.swift; path = AppDelegate.swift; sourceTree = "<group>"; };
		DFC1B3A91D40F07C002A099B /* ViewController.swift */ = {isa = PBXFileReference; lastKnownFileType = sourcecode.swift; path = ViewController.swift; sourceTree = "<group>"; };
		DFC1B3AC1D40F07C002A099B /* Base */ = {isa = PBXFileReference; lastKnownFileType = file.storyboard; name = Base; path = Base.lproj/Main.storyboard; sourceTree = "<group>"; };
		DFC1B3AE1D40F07C002A099B /* Assets.xcassets */ = {isa = PBXFileReference; lastKnownFileType = folder.assetcatalog; path = Assets.xcassets; sourceTree = "<group>"; };
		DFC1B3B11D40F07C002A099B /* Base */ = {isa = PBXFileReference; lastKnownFileType = file.storyboard; name = Base; path = Base.lproj/LaunchScreen.storyboard; sourceTree = "<group>"; };
		DFC1B3B31D40F07C002A099B /* Info.plist */ = {isa = PBXFileReference; lastKnownFileType = text.plist.xml; path = Info.plist; sourceTree = "<group>"; };
		DFC1B3B91D40F1E3002A099B /* ITunesTableViewCell.swift */ = {isa = PBXFileReference; fileEncoding = 4; lastKnownFileType = sourcecode.swift; path = ITunesTableViewCell.swift; sourceTree = "<group>"; };
		DFC1B3BB1D40F2CC002A099B /* ITunesItem.swift */ = {isa = PBXFileReference; fileEncoding = 4; lastKnownFileType = sourcecode.swift; path = ITunesItem.swift; sourceTree = "<group>"; };
/* End PBXFileReference section */

/* Begin PBXFrameworksBuildPhase section */
		DFC1B3A11D40F07C002A099B /* Frameworks */ = {
			isa = PBXFrameworksBuildPhase;
			buildActionMask = 2147483647;
			files = (
			);
			runOnlyForDeploymentPostprocessing = 0;
		};
/* End PBXFrameworksBuildPhase section */

/* Begin PBXGroup section */
		DFC1B39B1D40F07C002A099B = {
			isa = PBXGroup;
			children = (
				DFC1B3A61D40F07C002A099B /* TableViewDemo */,
				DFC1B3A51D40F07C002A099B /* Products */,
			);
			sourceTree = "<group>";
		};
		DFC1B3A51D40F07C002A099B /* Products */ = {
			isa = PBXGroup;
			children = (
				DFC1B3A41D40F07C002A099B /* TableViewDemo.app */,
			);
			name = Products;
			sourceTree = "<group>";
		};
		DFC1B3A61D40F07C002A099B /* TableViewDemo */ = {
			isa = PBXGroup;
			children = (
				DFC1B3A71D40F07C002A099B /* AppDelegate.swift */,
				DFC1B3A91D40F07C002A099B /* ViewController.swift */,
				DFC1B3AB1D40F07C002A099B /* Main.storyboard */,
				DFC1B3AE1D40F07C002A099B /* Assets.xcassets */,
				DFC1B3B01D40F07C002A099B /* LaunchScreen.storyboard */,
				DFC1B3B31D40F07C002A099B /* Info.plist */,
				DFC1B3B91D40F1E3002A099B /* ITunesTableViewCell.swift */,
				DFC1B3BB1D40F2CC002A099B /* ITunesItem.swift */,
			);
			path = TableViewDemo;
			sourceTree = "<group>";
		};
/* End PBXGroup section */

/* Begin PBXNativeTarget section */
		DFC1B3A31D40F07C002A099B /* TableViewDemo */ = {
			isa = PBXNativeTarget;
			buildConfigurationList = DFC1B3B61D40F07C002A099B /* Build configuration list for PBXNativeTarget "TableViewDemo" */;
			buildPhases = (
				DFC1B3A01D40F07C002A099B /* Sources */,
				DFC1B3A11D40F07C002A099B /* Frameworks */,
				DFC1B3A21D40F07C002A099B /* Resources */,
			);
			buildRules = (
			);
			dependencies = (
			);
			name = TableViewDemo;
			productName = TableViewDemo;
			productReference = DFC1B3A41D40F07C002A099B /* TableViewDemo.app */;
			productType = "com.apple.product-type.application";
		};
/* End PBXNativeTarget section */

/* Begin PBXProject section */
		DFC1B39C1D40F07C002A099B /* Project object */ = {
			isa = PBXProject;
			attributes = {
				LastSwiftUpdateCheck = 0730;
				LastUpgradeCheck = 0730;
				ORGANIZATIONNAME = "EntroByte LLC";
				TargetAttributes = {
					DFC1B3A31D40F07C002A099B = {
						CreatedOnToolsVersion = 7.3.1;
					};
				};
			};
			buildConfigurationList = DFC1B39F1D40F07C002A099B /* Build configuration list for PBXProject "TableViewDemo" */;
			compatibilityVersion = "Xcode 3.2";
			developmentRegion = English;
			hasScannedForEncodings = 0;
			knownRegions = (
				en,
				Base,
			);
			mainGroup = DFC1B39B1D40F07C002A099B;
			productRefGroup = DFC1B3A51D40F07C002A099B /* Products */;
			projectDirPath = "";
			projectRoot = "";
			targets = (
				DFC1B3A31D40F07C002A099B /* TableViewDemo */,
			);
		};
/* End PBXProject section */

/* Begin PBXResourcesBuildPhase section */
		DFC1B3A21D40F07C002A099B /* Resources */ = {
			isa = PBXResourcesBuildPhase;
			buildActionMask = 2147483647;
			files = (
				DFC1B3B21D40F07C002A099B /* LaunchScreen.storyboard in Resources */,
				DFC1B3AF1D40F07C002A099B /* Assets.xcassets in Resources */,
				DFC1B3AD1D40F07C002A099B /* Main.storyboard in Resources */,
			);
			runOnlyForDeploymentPostprocessing = 0;
		};
/* End PBXResourcesBuildPhase section */

/* Begin PBXSourcesBuildPhase section */
		DFC1B3A01D40F07C002A099B /* Sources */ = {
			isa = PBXSourcesBuildPhase;
			buildActionMask = 2147483647;
			files = (
				DFC1B3AA1D40F07C002A099B /* ViewController.swift in Sources */,
				DFC1B3BA1D40F1E3002A099B /* ITunesTableViewCell.swift in Sources */,
				DFC1B3BC1D40F2CC002A099B /* ITunesItem.swift in Sources */,
				DFC1B3A81D40F07C002A099B /* AppDelegate.swift in Sources */,
			);
			runOnlyForDeploymentPostprocessing = 0;
		};
/* End PBXSourcesBuildPhase section */

/* Begin PBXVariantGroup section */
		DFC1B3AB1D40F07C002A099B /* Main.storyboard */ = {
			isa = PBXVariantGroup;
			children = (
				DFC1B3AC1D40F07C002A099B /* Base */,
			);
			name = Main.storyboard;
			sourceTree = "<group>";
		};
		DFC1B3B01D40F07C002A099B /* LaunchScreen.storyboard */ = {
			isa = PBXVariantGroup;
			children = (
				DFC1B3B11D40F07C002A099B /* Base */,
			);
			name = LaunchScreen.storyboard;
			sourceTree = "<group>";
		};
/* End PBXVariantGroup section */

/* Begin XCBuildConfiguration section */
		DFC1B3B41D40F07C002A099B /* Debug */ = {
			isa = XCBuildConfiguration;
			buildSettings = {
				ALWAYS_SEARCH_USER_PATHS = NO;
				CLANG_ANALYZER_NONNULL = YES;
				CLANG_CXX_LANGUAGE_STANDARD = "gnu++0x";
				CLANG_CXX_LIBRARY = "libc++";
				CLANG_ENABLE_MODULES = YES;
				CLANG_ENABLE_OBJC_ARC = YES;
				CLANG_WARN_BOOL_CONVERSION = YES;
				CLANG_WARN_CONSTANT_CONVERSION = YES;
				CLANG_WARN_DIRECT_OBJC_ISA_USAGE = YES_ERROR;
				CLANG_WARN_EMPTY_BODY = YES;
				CLANG_WARN_ENUM_CONVERSION = YES;
				CLANG_WARN_INT_CONVERSION = YES;
				CLANG_WARN_OBJC_ROOT_CLASS = YES_ERROR;
				CLANG_WARN_UNREACHABLE_CODE = YES;
				CLANG_WARN__DUPLICATE_METHOD_MATCH = YES;
				"CODE_SIGN_IDENTITY[sdk=iphoneos*]" = "iPhone Developer";
				COPY_PHASE_STRIP = NO;
				DEBUG_INFORMATION_FORMAT = dwarf;
				ENABLE_STRICT_OBJC_MSGSEND = YES;
				ENABLE_TESTABILITY = YES;
				GCC_C_LANGUAGE_STANDARD = gnu99;
				GCC_DYNAMIC_NO_PIC = NO;
				GCC_NO_COMMON_BLOCKS = YES;
				GCC_OPTIMIZATION_LEVEL = 0;
				GCC_PREPROCESSOR_DEFINITIONS = (
					"DEBUG=1",
					"$(inherited)",
				);
				GCC_WARN_64_TO_32_BIT_CONVERSION = YES;
				GCC_WARN_ABOUT_RETURN_TYPE = YES_ERROR;
				GCC_WARN_UNDECLARED_SELECTOR = YES;
				GCC_WARN_UNINITIALIZED_AUTOS = YES_AGGRESSIVE;
				GCC_WARN_UNUSED_FUNCTION = YES;
				GCC_WARN_UNUSED_VARIABLE = YES;
				IPHONEOS_DEPLOYMENT_TARGET = 9.3;
				MTL_ENABLE_DEBUG_INFO = YES;
				ONLY_ACTIVE_ARCH = YES;
				SDKROOT = iphoneos;
				SWIFT_OPTIMIZATION_LEVEL = "-Onone";
			};
			name = Debug;
		};
		DFC1B3B51D40F07C002A099B /* Release */ = {
			isa = XCBuildConfiguration;
			buildSettings = {
				ALWAYS_SEARCH_USER_PATHS = NO;
				CLANG_ANALYZER_NONNULL = YES;
				CLANG_CXX_LANGUAGE_STANDARD = "gnu++0x";
				CLANG_CXX_LIBRARY = "libc++";
				CLANG_ENABLE_MODULES = YES;
				CLANG_ENABLE_OBJC_ARC = YES;
				CLANG_WARN_BOOL_CONVERSION = YES;
				CLANG_WARN_CONSTANT_CONVERSION = YES;
				CLANG_WARN_DIRECT_OBJC_ISA_USAGE = YES_ERROR;
				CLANG_WARN_EMPTY_BODY = YES;
				CLANG_WARN_ENUM_CONVERSION = YES;
				CLANG_WARN_INT_CONVERSION = YES;
				CLANG_WARN_OBJC_ROOT_CLASS = YES_ERROR;
				CLANG_WARN_UNREACHABLE_CODE = YES;
				CLANG_WARN__DUPLICATE_METHOD_MATCH = YES;
				"CODE_SIGN_IDENTITY[sdk=iphoneos*]" = "iPhone Developer";
				COPY_PHASE_STRIP = NO;
				DEBUG_INFORMATION_FORMAT = "dwarf-with-dsym";
				ENABLE_NS_ASSERTIONS = NO;
				ENABLE_STRICT_OBJC_MSGSEND = YES;
				GCC_C_LANGUAGE_STANDARD = gnu99;
				GCC_NO_COMMON_BLOCKS = YES;
				GCC_WARN_64_TO_32_BIT_CONVERSION = YES;
				GCC_WARN_ABOUT_RETURN_TYPE = YES_ERROR;
				GCC_WARN_UNDECLARED_SELECTOR = YES;
				GCC_WARN_UNINITIALIZED_AUTOS = YES_AGGRESSIVE;
				GCC_WARN_UNUSED_FUNCTION = YES;
				GCC_WARN_UNUSED_VARIABLE = YES;
				IPHONEOS_DEPLOYMENT_TARGET = 9.3;
				MTL_ENABLE_DEBUG_INFO = NO;
				SDKROOT = iphoneos;
				VALIDATE_PRODUCT = YES;
			};
			name = Release;
		};
		DFC1B3B71D40F07C002A099B /* Debug */ = {
			isa = XCBuildConfiguration;
			buildSettings = {
				ASSETCATALOG_COMPILER_APPICON_NAME = AppIcon;
				INFOPLIST_FILE = TableViewDemo/Info.plist;
				LD_RUNPATH_SEARCH_PATHS = "$(inherited) @executable_path/Frameworks";
				PRODUCT_BUNDLE_IDENTIFIER = com.entrobyte.TableViewDemo;
				PRODUCT_NAME = "$(TARGET_NAME)";
			};
			name = Debug;
		};
		DFC1B3B81D40F07C002A099B /* Release */ = {
			isa = XCBuildConfiguration;
			buildSettings = {
				ASSETCATALOG_COMPILER_APPICON_NAME = AppIcon;
				INFOPLIST_FILE = TableViewDemo/Info.plist;
				LD_RUNPATH_SEARCH_PATHS = "$(inherited) @executable_path/Frameworks";
				PRODUCT_BUNDLE_IDENTIFIER = com.entrobyte.TableViewDemo;
				PRODUCT_NAME = "$(TARGET_NAME)";
			};
			name = Release;
		};
/* End XCBuildConfiguration section */

/* Begin XCConfigurationList section */
		DFC1B39F1D40F07C002A099B /* Build configuration list for PBXProject "TableViewDemo" */ = {
			isa = XCConfigurationList;
			buildConfigurations = (
				DFC1B3B41D40F07C002A099B /* Debug */,
				DFC1B3B51D40F07C002A099B /* Release */,
			);
			defaultConfigurationIsVisible = 0;
			defaultConfigurationName = Release;
		};
		DFC1B3B61D40F07C002A099B /* Build configuration list for PBXNativeTarget "TableViewDemo" */ = {
			isa = XCConfigurationList;
			buildConfigurations = (
				DFC1B3B71D40F07C002A099B /* Debug */,
				DFC1B3B81D40F07C002A099B /* Release */,
			);
			defaultConfigurationIsVisible = 0;
		};
/* End XCConfigurationList section */
	};
	rootObject = DFC1B39C1D40F07C002A099B /* Project object */;
}
